
Microsoft Visual Studio Solution File, Format Version 12.00
# Visual Studio Version 16
VisualStudioVersion = 16.0.31205.134
MinimumVisualStudioVersion = 10.0.40219.1
Project("{8BC9CEB8-8B4A-11D0-8D11-00A0C91BC942}") = "lab9", "lab9\lab9.vcxproj", "{CE38C92D-A85B-46B4-8A3C-DF1E13B833FD}"
EndProject
Project("{FAE04EC0-301F-11D3-BF4B-00C04F79EFBC}") = "lab9_sharp", "lab9_sharp\lab9_sharp.csproj", "{71EED1AC-6291-4DB2-92B1-5C10CA04515E}"
EndProject
Global
	GlobalSection(SolutionConfigurationPlatforms) = preSolution
		Debug|Any CPU = Debug|Any CPU
		Debug|x64 = Debug|x64
		Debug|x86 = Debug|x86
		Release|Any CPU = Release|Any CPU
		Release|x64 = Release|x64
		Release|x86 = Release|x86
	EndGlobalSection
	GlobalSection(ProjectConfigurationPlatforms) = postSolution
		{CE38C92D-A85B-46B4-8A3C-DF1E13B833FD}.Debug|Any CPU.ActiveCfg = Debug|Win32
		{CE38C92D-A85B-46B4-8A3C-DF1E13B833FD}.Debug|x64.ActiveCfg = Debug|x64
		{CE38C92D-A85B-46B4-8A3C-DF1E13B833FD}.Debug|x64.Build.0 = Debug|x64
		{CE38C92D-A85B-46B4-8A3C-DF1E13B833FD}.Debug|x86.ActiveCfg = Debug|Win32
		{CE38C92D-A85B-46B4-8A3C-DF1E13B833FD}.Debug|x86.Build.0 = Debug|Win32
		{CE38C92D-A85B-46B4-8A3C-DF1E13B833FD}.Release|Any CPU.ActiveCfg = Release|Win32
		{CE38C92D-A85B-46B4-8A3C-DF1E13B833FD}.Release|x64.ActiveCfg = Release|x64
		{CE38C92D-A85B-46B4-8A3C-DF1E13B833FD}.Release|x64.Build.0 = Release|x64
		{CE38C92D-A85B-46B4-8A3C-DF1E13B833FD}.Release|x86.ActiveCfg = Release|Win32
		{CE38C92D-A85B-46B4-8A3C-DF1E13B833FD}.Release|x86.Build.0 = Release|Win32
		{71EED1AC-6291-4DB2-92B1-5C10CA04515E}.Debug|Any CPU.ActiveCfg = Debug|Any CPU
		{71EED1AC-6291-4DB2-92B1-5C10CA04515E}.Debug|Any CPU.Build.0 = Debug|Any CPU
		{71EED1AC-6291-4DB2-92B1-5C10CA04515E}.Debug|x64.ActiveCfg = Debug|Any CPU
		{71EED1AC-6291-4DB2-92B1-5C10CA04515E}.Debug|x64.Build.0 = Debug|Any CPU
		{71EED1AC-6291-4DB2-92B1-5C10CA04515E}.Debug|x86.ActiveCfg = Debug|Any CPU
		{71EED1AC-6291-4DB2-92B1-5C10CA04515E}.Debug|x86.Build.0 = Debug|Any CPU
		{71EED1AC-6291-4DB2-92B1-5C10CA04515E}.Release|Any CPU.ActiveCfg = Release|Any CPU
		{71EED1AC-6291-4DB2-92B1-5C10CA04515E}.Release|Any CPU.Build.0 = Release|Any CPU
		{71EED1AC-6291-4DB2-92B1-5C10CA04515E}.Release|x64.ActiveCfg = Release|Any CPU
		{71EED1AC-6291-4DB2-92B1-5C10CA04515E}.Release|x64.Build.0 = Release|Any CPU
		{71EED1AC-6291-4DB2-92B1-5C10CA04515E}.Release|x86.ActiveCfg = Release|Any CPU
		{71EED1AC-6291-4DB2-92B1-5C10CA04515E}.Release|x86.Build.0 = Release|Any CPU
	EndGlobalSection
	GlobalSection(SolutionProperties) = preSolution
		HideSolutionNode = FALSE
	EndGlobalSection
	GlobalSection(ExtensibilityGlobals) = postSolution
		SolutionGuid = {EC8A6960-8896-4B2E-88DF-087D09A509DB}
	EndGlobalSection
EndGlobal
