
Microsoft Visual Studio Solution File, Format Version 12.00
# Visual Studio Version 16
VisualStudioVersion = 16.0.30907.101
MinimumVisualStudioVersion = 10.0.40219.1
Project("{8BC9CEB8-8B4A-11D0-8D11-00A0C91BC942}") = "lab4", "lab4\lab4.vcxproj", "{34F801F0-04D8-4B3C-B0E9-6255545B8087}"
EndProject
Project("{FAE04EC0-301F-11D3-BF4B-00C04F79EFBC}") = "lab4_sharp", "lab4_sharp\lab4_sharp.csproj", "{452FF7EB-AEEE-4437-978A-881C52FB6BD2}"
EndProject
Global
	GlobalSection(SolutionConfigurationPlatforms) = preSolution
		Debug|Any CPU = Debug|Any CPU
		Debug|x64 = Debug|x64
		Debug|x86 = Debug|x86
		Release|Any CPU = Release|Any CPU
		Release|x64 = Release|x64
		Release|x86 = Release|x86
	EndGlobalSection
	GlobalSection(ProjectConfigurationPlatforms) = postSolution
		{34F801F0-04D8-4B3C-B0E9-6255545B8087}.Debug|Any CPU.ActiveCfg = Debug|Win32
		{34F801F0-04D8-4B3C-B0E9-6255545B8087}.Debug|x64.ActiveCfg = Debug|x64
		{34F801F0-04D8-4B3C-B0E9-6255545B8087}.Debug|x64.Build.0 = Debug|x64
		{34F801F0-04D8-4B3C-B0E9-6255545B8087}.Debug|x86.ActiveCfg = Debug|Win32
		{34F801F0-04D8-4B3C-B0E9-6255545B8087}.Debug|x86.Build.0 = Debug|Win32
		{34F801F0-04D8-4B3C-B0E9-6255545B8087}.Release|Any CPU.ActiveCfg = Release|Win32
		{34F801F0-04D8-4B3C-B0E9-6255545B8087}.Release|x64.ActiveCfg = Release|x64
		{34F801F0-04D8-4B3C-B0E9-6255545B8087}.Release|x64.Build.0 = Release|x64
		{34F801F0-04D8-4B3C-B0E9-6255545B8087}.Release|x86.ActiveCfg = Release|Win32
		{34F801F0-04D8-4B3C-B0E9-6255545B8087}.Release|x86.Build.0 = Release|Win32
		{452FF7EB-AEEE-4437-978A-881C52FB6BD2}.Debug|Any CPU.ActiveCfg = Debug|Any CPU
		{452FF7EB-AEEE-4437-978A-881C52FB6BD2}.Debug|Any CPU.Build.0 = Debug|Any CPU
		{452FF7EB-AEEE-4437-978A-881C52FB6BD2}.Debug|x64.ActiveCfg = Debug|Any CPU
		{452FF7EB-AEEE-4437-978A-881C52FB6BD2}.Debug|x64.Build.0 = Debug|Any CPU
		{452FF7EB-AEEE-4437-978A-881C52FB6BD2}.Debug|x86.ActiveCfg = Debug|Any CPU
		{452FF7EB-AEEE-4437-978A-881C52FB6BD2}.Debug|x86.Build.0 = Debug|Any CPU
		{452FF7EB-AEEE-4437-978A-881C52FB6BD2}.Release|Any CPU.ActiveCfg = Release|Any CPU
		{452FF7EB-AEEE-4437-978A-881C52FB6BD2}.Release|Any CPU.Build.0 = Release|Any CPU
		{452FF7EB-AEEE-4437-978A-881C52FB6BD2}.Release|x64.ActiveCfg = Release|Any CPU
		{452FF7EB-AEEE-4437-978A-881C52FB6BD2}.Release|x64.Build.0 = Release|Any CPU
		{452FF7EB-AEEE-4437-978A-881C52FB6BD2}.Release|x86.ActiveCfg = Release|Any CPU
		{452FF7EB-AEEE-4437-978A-881C52FB6BD2}.Release|x86.Build.0 = Release|Any CPU
	EndGlobalSection
	GlobalSection(SolutionProperties) = preSolution
		HideSolutionNode = FALSE
	EndGlobalSection
	GlobalSection(ExtensibilityGlobals) = postSolution
		SolutionGuid = {FD7CF20D-2F1F-4E30-8CD2-58CFC4EF302D}
	EndGlobalSection
EndGlobal
